
Microsoft Visual Studio Solution File, Format Version 12.00
# Visual Studio Version 17
VisualStudioVersion = 17.8.34525.116
MinimumVisualStudioVersion = 10.0.40219.1
Project("{FAE04EC0-301F-11D3-BF4B-00C04F79EFBC}") = "EncryptLogging", "EncryptLogging\EncryptLogging.csproj", "{EA5283F0-5F51-4EDA-8B69-F3E32503B5CE}"
EndProject
Project("{FAE04EC0-301F-11D3-BF4B-00C04F79EFBC}") = "DecryptLogs", "DecryptLogs\DecryptLogs.csproj", "{C6B94C7B-B6B9-4B55-92A3-1835E9B87DD1}"
EndProject
Project("{FAE04EC0-301F-11D3-BF4B-00C04F79EFBC}") = "DecryptionTool", "EncryptIncomingLogs\DecryptionTool.csproj", "{00FB78AB-F6F5-41A4-BFDF-B63633DB00F0}"
EndProject
Global
	GlobalSection(SolutionConfigurationPlatforms) = preSolution
		Debug|Any CPU = Debug|Any CPU
		Release|Any CPU = Release|Any CPU
	EndGlobalSection
	GlobalSection(ProjectConfigurationPlatforms) = postSolution
		{EA5283F0-5F51-4EDA-8B69-F3E32503B5CE}.Debug|Any CPU.ActiveCfg = Debug|Any CPU
		{EA5283F0-5F51-4EDA-8B69-F3E32503B5CE}.Debug|Any CPU.Build.0 = Debug|Any CPU
		{EA5283F0-5F51-4EDA-8B69-F3E32503B5CE}.Release|Any CPU.ActiveCfg = Release|Any CPU
		{EA5283F0-5F51-4EDA-8B69-F3E32503B5CE}.Release|Any CPU.Build.0 = Release|Any CPU
		{C6B94C7B-B6B9-4B55-92A3-1835E9B87DD1}.Debug|Any CPU.ActiveCfg = Debug|Any CPU
		{C6B94C7B-B6B9-4B55-92A3-1835E9B87DD1}.Debug|Any CPU.Build.0 = Debug|Any CPU
		{C6B94C7B-B6B9-4B55-92A3-1835E9B87DD1}.Release|Any CPU.ActiveCfg = Release|Any CPU
		{C6B94C7B-B6B9-4B55-92A3-1835E9B87DD1}.Release|Any CPU.Build.0 = Release|Any CPU
		{00FB78AB-F6F5-41A4-BFDF-B63633DB00F0}.Debug|Any CPU.ActiveCfg = Debug|Any CPU
		{00FB78AB-F6F5-41A4-BFDF-B63633DB00F0}.Debug|Any CPU.Build.0 = Debug|Any CPU
		{00FB78AB-F6F5-41A4-BFDF-B63633DB00F0}.Release|Any CPU.ActiveCfg = Release|Any CPU
		{00FB78AB-F6F5-41A4-BFDF-B63633DB00F0}.Release|Any CPU.Build.0 = Release|Any CPU
	EndGlobalSection
	GlobalSection(SolutionProperties) = preSolution
		HideSolutionNode = FALSE
	EndGlobalSection
	GlobalSection(ExtensibilityGlobals) = postSolution
		SolutionGuid = {49420B44-8578-401C-9C9D-FC5445350DBB}
	EndGlobalSection
EndGlobal
